
Microsoft Visual Studio Solution File, Format Version 12.00
# Visual Studio Version 17
VisualStudioVersion = 17.13.35818.85 d17.13
MinimumVisualStudioVersion = 10.0.40219.1
Project("{FAE04EC0-301F-11D3-BF4B-00C04F79EFBC}") = "WebSite_InteriorDesign", "WebSite_InteriorDesign\WebSite_InteriorDesign.csproj", "{212B00A0-A6AA-49E4-BD32-C0B1E568D9F9}"
EndProject
Global
	GlobalSection(SolutionConfigurationPlatforms) = preSolution
		Debug|Any CPU = Debug|Any CPU
		Release|Any CPU = Release|Any CPU
	EndGlobalSection
	GlobalSection(ProjectConfigurationPlatforms) = postSolution
		{212B00A0-A6AA-49E4-BD32-C0B1E568D9F9}.Debug|Any CPU.ActiveCfg = Debug|Any CPU
		{212B00A0-A6AA-49E4-BD32-C0B1E568D9F9}.Debug|Any CPU.Build.0 = Debug|Any CPU
		{212B00A0-A6AA-49E4-BD32-C0B1E568D9F9}.Release|Any CPU.ActiveCfg = Release|Any CPU
		{212B00A0-A6AA-49E4-BD32-C0B1E568D9F9}.Release|Any CPU.Build.0 = Release|Any CPU
	EndGlobalSection
	GlobalSection(SolutionProperties) = preSolution
		HideSolutionNode = FALSE
	EndGlobalSection
	GlobalSection(ExtensibilityGlobals) = postSolution
		SolutionGuid = {A61B566B-13DA-4C80-A706-E4095D38E21A}
	EndGlobalSection
EndGlobal
